{
  "version": 4,
  "terraform_version": "1.3.6",
  "serial": 8,
  "lineage": "74f02330-9a29-3824-72f5-f2d648376a58",
  "outputs": {},
  "resources": [
    {
      "mode": "managed",
      "type": "proxmox_vm_qemu",
      "name": "debian-x11-bullseye",
      "provider": "provider[\"registry.terraform.io/telmate/proxmox\"]",
      "instances": [
        {
          "index_key": 0,
          "schema_version": 0,
          "attributes": {
            "additional_wait": 0,
            "agent": 1,
            "args": "",
            "automatic_reboot": true,
            "balloon": 0,
            "bios": "seabios",
            "boot": "c",
            "bootdisk": "scsi0",
            "bridge": "",
            "ci_wait": null,
            "cicustom": "",
            "cipassword": "",
            "ciuser": "hyoga",
            "clone": "debian-x11-cloud-drive",
            "clone_wait": 0,
            "cloudinit_cdrom_storage": null,
            "cores": 1,
            "cpu": "host",
            "default_ipv4_address": "172.16.16.198",
            "define_connection_info": true,
            "desc": "",
            "disk": [
              {
                "aio": "",
                "backup": 0,
                "cache": "none",
                "discard": "",
                "file": "vm-104-disk-0",
                "format": "raw",
                "iops": 0,
                "iops_max": 0,
                "iops_max_length": 0,
                "iops_rd": 0,
                "iops_rd_max": 0,
                "iops_rd_max_length": 0,
                "iops_wr": 0,
                "iops_wr_max": 0,
                "iops_wr_max_length": 0,
                "iothread": 1,
                "mbps": 0,
                "mbps_rd": 0,
                "mbps_rd_max": 0,
                "mbps_wr": 0,
                "mbps_wr_max": 0,
                "media": "",
                "replicate": 0,
                "size": "10G",
                "slot": 0,
                "ssd": 0,
                "storage": "Arenas",
                "storage_type": "zfspool",
                "type": "scsi",
                "volume": "Arenas:vm-104-disk-0"
              }
            ],
            "disk_gb": 0,
            "force_create": false,
            "force_recreate_on_change_of": null,
            "full_clone": true,
            "guest_agent_ready_timeout": 100,
            "hagroup": "",
            "hastate": "",
            "hotplug": "network,disk,usb",
            "id": "octane/qemu/104",
            "ipconfig0": "ip=172.16.16.65/24,gw=172.16.16.1",
            "ipconfig1": "",
            "ipconfig2": "",
            "ipconfig3": "",
            "ipconfig4": "",
            "ipconfig5": "",
            "iso": null,
            "kvm": true,
            "mac": "",
            "memory": 1024,
            "name": "debian-x11-bullseye-1",
            "nameserver": "",
            "network": [
              {
                "bridge": "vmbr0",
                "firewall": false,
                "link_down": false,
                "macaddr": "72:36:EE:AB:00:54",
                "model": "virtio",
                "mtu": 0,
                "queues": 0,
                "rate": 0,
                "tag": -1
              }
            ],
            "nic": "",
            "numa": false,
            "onboot": false,
            "oncreate": true,
            "os_network_config": null,
            "os_type": "cloud-init",
            "pool": "",
            "preprovision": true,
            "pxe": null,
            "qemu_os": "other",
            "reboot_required": false,
            "scsihw": "virtio-scsi-pci",
            "searchdomain": "",
            "serial": [],
            "sockets": 1,
            "ssh_forward_ip": null,
            "ssh_host": "172.16.16.198",
            "ssh_port": "22",
            "ssh_private_key": null,
            "ssh_user": null,
            "sshkeys": "  ssh-rsa AAAAB3NzaC1yc2EAAAADAQABAAABgQDSEA915XsZGIUolTTS5ZrAYBpafMnDSex/25wp5zonoF5HkgvssUzgAj3lze6jJQS+SrGDwnWfAvFFQV+1llM7P8eKxQIty9JNZY/iqELFhc7dYJT3rLIyGevTF9rdNKQGilSpDUSOBeEAyh9ydBdJc50kMLT2uM3dh4zWDn6VPq5r1Mjh0Z7O4kOP/3Y9sswWor9y2vG013aTHJU29odVLc5pZyf7pYVUw9mUOe2lz+0ZCWdycCVb2nx2zwa3O+lo60zswIHr+sPsZKKTjme63eXCfCzMldYn/kQWJZJzex6qqjsONunxrPkiPR36VbP8XpAYg1eob+Yrvi4whlV86bnjP7L+xZhKatpkIxQA1XiIv1yXZVPpHEjz7ZwWXxNaGpgmDvC8uLwThWksFxco/VDstT38B3xpZGTq6EKiI1vRJZQGsu57Bp43Smi8Zvbv36fT43rEyP1/8Wi9rv27D8fF+SqspSCQXZhrtZ96dubwTlzEdgrjt1iY5jKSigc= hyoga@uplink\n\n",
            "startup": "",
            "storage": "",
            "storage_type": "",
            "tablet": true,
            "tags": "",
            "target_node": "octane",
            "timeouts": null,
            "unused_disk": [],
            "usb": [],
            "vcpus": 0,
            "vga": [],
            "vlan": -1,
            "vmid": null
          },
          "sensitive_attributes": [],
          "private": "eyJlMmJmYjczMC1lY2FhLTExZTYtOGY4OC0zNDM2M2JjN2M0YzAiOnsiY3JlYXRlIjozMDAwMDAwMDAwMDAsImRlZmF1bHQiOjMwMDAwMDAwMDAwMCwiZGVsZXRlIjoxODAwMDAwMDAwMDAsInJlYWQiOjE4MDAwMDAwMDAwMCwidXBkYXRlIjoxODAwMDAwMDAwMDB9fQ=="
        }
      ]
    }
  ],
  "check_results": null
}
