{
  "version": 4,
  "terraform_version": "1.3.6",
  "serial": 28,
  "lineage": "80e40b80-838b-e682-875a-f0595c04798f",
  "outputs": {},
  "resources": [
    {
      "mode": "managed",
      "type": "proxmox_vm_qemu",
      "name": "debian-x11-bullseye",
      "provider": "provider[\"registry.terraform.io/telmate/proxmox\"]",
      "instances": [
        {
          "index_key": 0,
          "schema_version": 0,
          "attributes": {
            "additional_wait": 0,
            "agent": 1,
            "args": "",
            "automatic_reboot": true,
            "balloon": 0,
            "bios": "seabios",
            "boot": "c",
            "bootdisk": "scsi0",
            "bridge": "",
            "ci_wait": null,
            "cicustom": "",
            "cipassword": "",
            "ciuser": "hyoga",
            "clone": "debian-x11-cloud-drive",
            "clone_wait": 0,
            "cloudinit_cdrom_storage": null,
            "cores": 4,
            "cpu": "kvm64",
            "default_ipv4_address": "192.168.20.15",
            "define_connection_info": true,
            "desc": "",
            "disk": [
              {
                "aio": "",
                "backup": 0,
                "cache": "none",
                "discard": "",
                "file": "vm-104-disk-0",
                "format": "raw",
                "iops": 0,
                "iops_max": 0,
                "iops_max_length": 0,
                "iops_rd": 0,
                "iops_rd_max": 0,
                "iops_rd_max_length": 0,
                "iops_wr": 0,
                "iops_wr_max": 0,
                "iops_wr_max_length": 0,
                "iothread": 1,
                "mbps": 0,
                "mbps_rd": 0,
                "mbps_rd_max": 0,
                "mbps_wr": 0,
                "mbps_wr_max": 0,
                "media": "",
                "replicate": 0,
                "size": "32G",
                "slot": 0,
                "ssd": 0,
                "storage": "Royale",
                "storage_type": "zfspool",
                "type": "scsi",
                "volume": "Royale:vm-104-disk-0"
              }
            ],
            "disk_gb": 0,
            "force_create": false,
            "force_recreate_on_change_of": null,
            "full_clone": true,
            "guest_agent_ready_timeout": 100,
            "hagroup": "",
            "hastate": "",
            "hotplug": "network,disk,usb",
            "id": "octane/qemu/104",
            "ipconfig0": "ip=192.168.20.15/24,gw=192.168.20.1",
            "ipconfig1": "",
            "ipconfig2": "",
            "ipconfig3": "",
            "ipconfig4": "",
            "ipconfig5": "",
            "iso": null,
            "kvm": true,
            "mac": "",
            "memory": 12288,
            "name": "stable-diffusion",
            "nameserver": "",
            "network": [
              {
                "bridge": "vmbr1",
                "firewall": false,
                "link_down": false,
                "macaddr": "EE:FD:52:F4:68:B7",
                "model": "virtio",
                "mtu": 0,
                "queues": 0,
                "rate": 0,
                "tag": 20
              }
            ],
            "nic": "",
            "numa": false,
            "onboot": false,
            "oncreate": true,
            "os_network_config": null,
            "os_type": "cloud-init",
            "pool": "",
            "preprovision": true,
            "pxe": null,
            "qemu_os": "other",
            "reboot_required": false,
            "scsihw": "virtio-scsi-pci",
            "searchdomain": "",
            "serial": [],
            "sockets": 1,
            "ssh_forward_ip": null,
            "ssh_host": "192.168.20.15",
            "ssh_port": "22",
            "ssh_private_key": null,
            "ssh_user": null,
            "sshkeys": "  ssh-rsa AAAAB3NzaC1yc2EAAAADAQABAAABgQC9DyxfhkPy0KB0y4kJeaQFDPMJGyWErYHcJaq6J6sMRTCrEUk4uhFeEqzH/0dt5eAwyAmWeRswRkXE2IYRcj85mvdhtsnox6U9C1maDuz3rCUuHn1lQy7mFnxPKJbmmog4LLQf4GJIqC8gQfTlkjFp5+TV/0NyPmHuodAnSV7W+Sxcs4792kTZWkbbIE9qOfcGCZ1zn8+DudDP+5vhtwB6E4Vbx4j+DaQSXMDLLRmO0ZHt0H7twSwbdIN/EPevHdZ386EM3rZrzENhSa9wmxY9pyBp7BnXpLyHMDuxcEWPChT4gG4VEQa6KG4o+2yV9Et+sWk6Jk9E6IHhS4VFkTjq/C9de5QBRXU8TWOUlFZN+Mja+nWJug6CS6EuTLjerGJ2qk2jFBMhCxnX5nmTsdwJHDO8rg1MizqzWNSt6SEfzsN2WqMxkc1eJZmoMtB16rwsI8SwukHq+dsd/j0j2kl8uBhkxmkQC5FJ8HC52W0zfwig1om2ivjzk+I7+YU1KdU= hyoga@crypto\n\n\n\n\n",
            "startup": "",
            "storage": "",
            "storage_type": "",
            "tablet": true,
            "tags": "",
            "target_node": "octane",
            "timeouts": null,
            "unused_disk": [],
            "usb": [],
            "vcpus": 0,
            "vga": [],
            "vlan": -1,
            "vmid": null
          },
          "sensitive_attributes": [],
          "private": "eyJlMmJmYjczMC1lY2FhLTExZTYtOGY4OC0zNDM2M2JjN2M0YzAiOnsiY3JlYXRlIjozMDAwMDAwMDAwMDAsImRlZmF1bHQiOjMwMDAwMDAwMDAwMCwiZGVsZXRlIjoxODAwMDAwMDAwMDAsInJlYWQiOjE4MDAwMDAwMDAwMCwidXBkYXRlIjoxODAwMDAwMDAwMDB9fQ=="
        }
      ]
    }
  ],
  "check_results": null
}
